// !$*UTF8*$!
{
	archiveVersion = 1;
	classes = {
	};
	objectVersion = 56;
	objects = {

/* Begin PBXFileReference section */
		AB64C6CA2BFEBF720045F81D /* 07_01_swap.c */ = {isa = PBXFileReference; lastKnownFileType = sourcecode.c.c; path = 07_01_swap.c; sourceTree = "<group>"; };
		AB64C6CB2BFEC1C40045F81D /* 07_02_swap2.c */ = {isa = PBXFileReference; lastKnownFileType = sourcecode.c.c; path = 07_02_swap2.c; sourceTree = "<group>"; };
		AB64C6CC2BFEC2C70045F81D /* 07_03_swap3.c */ = {isa = PBXFileReference; lastKnownFileType = sourcecode.c.c; path = 07_03_swap3.c; sourceTree = "<group>"; };
		AB64C6CD2BFEC55D0045F81D /* 07_04_countup.c */ = {isa = PBXFileReference; lastKnownFileType = sourcecode.c.c; path = 07_04_countup.c; sourceTree = "<group>"; };
		AB64C6CE2BFEC65C0045F81D /* 07_05_countdown.c */ = {isa = PBXFileReference; lastKnownFileType = sourcecode.c.c; path = 07_05_countdown.c; sourceTree = "<group>"; };
		AB64C6CF2BFEC76C0045F81D /* 07_06_fact.c */ = {isa = PBXFileReference; lastKnownFileType = sourcecode.c.c; path = 07_06_fact.c; sourceTree = "<group>"; };
		AB64C6D02BFECB920045F81D /* 07_07_biggest.c */ = {isa = PBXFileReference; lastKnownFileType = sourcecode.c.c; path = 07_07_biggest.c; sourceTree = "<group>"; };
		AB64C6D12BFECD390045F81D /* 07_08_qq3.c */ = {isa = PBXFileReference; lastKnownFileType = sourcecode.c.c; path = 07_08_qq3.c; sourceTree = "<group>"; };
		AB64C6D22BFECE4E0045F81D /* 07_09_ways.c */ = {isa = PBXFileReference; lastKnownFileType = sourcecode.c.c; path = 07_09_ways.c; sourceTree = "<group>"; };
/* End PBXFileReference section */

/* Begin PBXGroup section */
		AB53418A2BC7785F004934A5 = {
			isa = PBXGroup;
			children = (
				AB64C6CA2BFEBF720045F81D /* 07_01_swap.c */,
				AB64C6CB2BFEC1C40045F81D /* 07_02_swap2.c */,
				AB64C6CC2BFEC2C70045F81D /* 07_03_swap3.c */,
				AB64C6CD2BFEC55D0045F81D /* 07_04_countup.c */,
				AB64C6CE2BFEC65C0045F81D /* 07_05_countdown.c */,
				AB64C6CF2BFEC76C0045F81D /* 07_06_fact.c */,
				AB64C6D02BFECB920045F81D /* 07_07_biggest.c */,
				AB64C6D12BFECD390045F81D /* 07_08_qq3.c */,
				AB64C6D22BFECE4E0045F81D /* 07_09_ways.c */,
			);
			sourceTree = "<group>";
		};
/* End PBXGroup section */

/* Begin PBXProject section */
		AB53418B2BC7785F004934A5 /* Project object */ = {
			isa = PBXProject;
			attributes = {
				BuildIndependentTargetsInParallel = 1;
				LastUpgradeCheck = 1530;
			};
			buildConfigurationList = AB53418E2BC7785F004934A5 /* Build configuration list for PBXProject "prg1" */;
			compatibilityVersion = "Xcode 14.0";
			developmentRegion = en;
			hasScannedForEncodings = 0;
			knownRegions = (
				en,
				Base,
			);
			mainGroup = AB53418A2BC7785F004934A5;
			projectDirPath = "";
			projectRoot = "";
			targets = (
			);
		};
/* End PBXProject section */

/* Begin XCBuildConfiguration section */
		AB53418F2BC7785F004934A5 /* Debug */ = {
			isa = XCBuildConfiguration;
			buildSettings = {
			};
			name = Debug;
		};
		AB5341902BC7785F004934A5 /* Release */ = {
			isa = XCBuildConfiguration;
			buildSettings = {
			};
			name = Release;
		};
/* End XCBuildConfiguration section */

/* Begin XCConfigurationList section */
		AB53418E2BC7785F004934A5 /* Build configuration list for PBXProject "prg1" */ = {
			isa = XCConfigurationList;
			buildConfigurations = (
				AB53418F2BC7785F004934A5 /* Debug */,
				AB5341902BC7785F004934A5 /* Release */,
			);
			defaultConfigurationIsVisible = 0;
			defaultConfigurationName = Release;
		};
/* End XCConfigurationList section */
	};
	rootObject = AB53418B2BC7785F004934A5 /* Project object */;
}
