// !$*UTF8*$!
{
	archiveVersion = 1;
	classes = {
	};
	objectVersion = 56;
	objects = {

/* Begin PBXFileReference section */
		AB64C6CA2BFEBF720045F81D /* 07_01_swap.c */ = {isa = PBXFileReference; lastKnownFileType = sourcecode.c.c; path = 07_01_swap.c; sourceTree = "<group>"; };
		AB64C6CB2BFEC1C40045F81D /* 07_02_swap2.c */ = {isa = PBXFileReference; lastKnownFileType = sourcecode.c.c; path = 07_02_swap2.c; sourceTree = "<group>"; };
		AB64C6CC2BFEC2C70045F81D /* 07_03_swap3.c */ = {isa = PBXFileReference; lastKnownFileType = sourcecode.c.c; path = 07_03_swap3.c; sourceTree = "<group>"; };
		AB64C6CD2BFEC55D0045F81D /* 07_04_countup.c */ = {isa = PBXFileReference; lastKnownFileType = sourcecode.c.c; path = 07_04_countup.c; sourceTree = "<group>"; };
		AB64C6CE2BFEC65C0045F81D /* 07_05_countdown.c */ = {isa = PBXFileReference; lastKnownFileType = sourcecode.c.c; path = 07_05_countdown.c; sourceTree = "<group>"; };
		AB64C6CF2BFEC76C0045F81D /* 07_06_fact.c */ = {isa = PBXFileReference; lastKnownFileType = sourcecode.c.c; path = 07_06_fact.c; sourceTree = "<group>"; };
		AB64C6D02BFECB920045F81D /* 07_07_biggest.c */ = {isa = PBXFileReference; lastKnownFileType = sourcecode.c.c; path = 07_07_biggest.c; sourceTree = "<group>"; };
		AB64C6D12BFECD390045F81D /* 07_08_qq3.c */ = {isa = PBXFileReference; lastKnownFileType = sourcecode.c.c; path = 07_08_qq3.c; sourceTree = "<group>"; };
		AB64C6D22BFECE4E0045F81D /* 07_09_ways.c */ = {isa = PBXFileReference; lastKnownFileType = sourcecode.c.c; path = 07_09_ways.c; sourceTree = "<group>"; };
		AB9261D22BFFA60F003A9854 /* 05_01_if1.c */ = {isa = PBXFileReference; lastKnownFileType = sourcecode.c.c; path = 05_01_if1.c; sourceTree = "<group>"; };
		AB9261D32BFFA60F003A9854 /* 05_02_if2.c */ = {isa = PBXFileReference; lastKnownFileType = sourcecode.c.c; path = 05_02_if2.c; sourceTree = "<group>"; };
		AB9261D42BFFA60F003A9854 /* 05_03_ifelse1.c */ = {isa = PBXFileReference; lastKnownFileType = sourcecode.c.c; path = 05_03_ifelse1.c; sourceTree = "<group>"; };
		AB9261D52BFFA60F003A9854 /* 05_04_ifelse2.c */ = {isa = PBXFileReference; lastKnownFileType = sourcecode.c.c; path = 05_04_ifelse2.c; sourceTree = "<group>"; };
		AB9261D62BFFA60F003A9854 /* 05_05_ifelseif1.c */ = {isa = PBXFileReference; lastKnownFileType = sourcecode.c.c; path = 05_05_ifelseif1.c; sourceTree = "<group>"; };
		AB9261D72BFFA60F003A9854 /* 05_06_compare.c */ = {isa = PBXFileReference; lastKnownFileType = sourcecode.c.c; path = 05_06_compare.c; sourceTree = "<group>"; };
		AB9261D82BFFA60F003A9854 /* 05_07_ifand.c */ = {isa = PBXFileReference; lastKnownFileType = sourcecode.c.c; path = 05_07_ifand.c; sourceTree = "<group>"; };
		AB9261D92BFFA60F003A9854 /* 05_08_nested.c */ = {isa = PBXFileReference; lastKnownFileType = sourcecode.c.c; path = 05_08_nested.c; sourceTree = "<group>"; };
		AB9261DA2BFFA60F003A9854 /* 05_challenge1_K24015.c */ = {isa = PBXFileReference; lastKnownFileType = sourcecode.c.c; path = 05_challenge1_K24015.c; sourceTree = "<group>"; };
		AB9261DB2BFFA60F003A9854 /* 05_issue1_K24015.c */ = {isa = PBXFileReference; lastKnownFileType = sourcecode.c.c; path = 05_issue1_K24015.c; sourceTree = "<group>"; };
		AB9261DC2BFFA60F003A9854 /* 05_issue1_K24015.dSYM */ = {isa = PBXFileReference; lastKnownFileType = wrapper.dsym; path = 05_issue1_K24015.dSYM; sourceTree = "<group>"; };
		AB9261DE2BFFA60F003A9854 /* 02_01_helloWorld.c */ = {isa = PBXFileReference; lastKnownFileType = sourcecode.c.c; path = 02_01_helloWorld.c; sourceTree = "<group>"; };
		AB9261DF2BFFA60F003A9854 /* 02_02_sharp.c */ = {isa = PBXFileReference; lastKnownFileType = sourcecode.c.c; path = 02_02_sharp.c; sourceTree = "<group>"; };
		AB9261E02BFFA60F003A9854 /* 02_03_sharpA.c */ = {isa = PBXFileReference; lastKnownFileType = sourcecode.c.c; path = 02_03_sharpA.c; sourceTree = "<group>"; };
		AB9261E12BFFA60F003A9854 /* 02_04_lineA.c */ = {isa = PBXFileReference; lastKnownFileType = sourcecode.c.c; path = 02_04_lineA.c; sourceTree = "<group>"; };
		AB9261E22BFFA60F003A9854 /* 02_05_add.c */ = {isa = PBXFileReference; lastKnownFileType = sourcecode.c.c; path = 02_05_add.c; sourceTree = "<group>"; };
		AB9261E32BFFA60F003A9854 /* 02_06_sub.c */ = {isa = PBXFileReference; lastKnownFileType = sourcecode.c.c; path = 02_06_sub.c; sourceTree = "<group>"; };
		AB9261E42BFFA60F003A9854 /* 02_issue2_K24015.c */ = {isa = PBXFileReference; lastKnownFileType = sourcecode.c.c; path = 02_issue2_K24015.c; sourceTree = "<group>"; };
		AB9261E62BFFA60F003A9854 /* 03_01add.c */ = {isa = PBXFileReference; lastKnownFileType = sourcecode.c.c; path = 03_01add.c; sourceTree = "<group>"; };
		AB9261E72BFFA60F003A9854 /* 03_02_sub.c */ = {isa = PBXFileReference; lastKnownFileType = sourcecode.c.c; path = 03_02_sub.c; sourceTree = "<group>"; };
		AB9261E82BFFA60F003A9854 /* 03_03_calc.c */ = {isa = PBXFileReference; lastKnownFileType = sourcecode.c.c; path = 03_03_calc.c; sourceTree = "<group>"; };
		AB9261E92BFFA60F003A9854 /* 03_04_scan.c */ = {isa = PBXFileReference; lastKnownFileType = sourcecode.c.c; path = 03_04_scan.c; sourceTree = "<group>"; };
		AB9261EA2BFFA60F003A9854 /* 03_05_scan2.c */ = {isa = PBXFileReference; lastKnownFileType = sourcecode.c.c; path = 03_05_scan2.c; sourceTree = "<group>"; };
		AB9261EB2BFFA60F003A9854 /* 03_issue1_K24015.c */ = {isa = PBXFileReference; lastKnownFileType = sourcecode.c.c; path = 03_issue1_K24015.c; sourceTree = "<group>"; };
		AB9261EC2BFFA60F003A9854 /* 03_issue2_K24015.c */ = {isa = PBXFileReference; lastKnownFileType = sourcecode.c.c; path = 03_issue2_K24015.c; sourceTree = "<group>"; };
		AB9261EE2BFFA60F003A9854 /* 06_01_if.c */ = {isa = PBXFileReference; lastKnownFileType = sourcecode.c.c; path = 06_01_if.c; sourceTree = "<group>"; };
		AB9261EF2BFFA60F003A9854 /* 06_02_hello10.c */ = {isa = PBXFileReference; lastKnownFileType = sourcecode.c.c; path = 06_02_hello10.c; sourceTree = "<group>"; };
		AB9261F02BFFA60F003A9854 /* 06_03_loopNum.c */ = {isa = PBXFileReference; lastKnownFileType = sourcecode.c.c; path = 06_03_loopNum.c; sourceTree = "<group>"; };
		AB9261F12BFFA60F003A9854 /* 06_04_calcFor.c */ = {isa = PBXFileReference; lastKnownFileType = sourcecode.c.c; path = 06_04_calcFor.c; sourceTree = "<group>"; };
		AB9261F22BFFA60F003A9854 /* 06_05_scanLoop.c */ = {isa = PBXFileReference; lastKnownFileType = sourcecode.c.c; path = 06_05_scanLoop.c; sourceTree = "<group>"; };
		AB9261F32BFFA60F003A9854 /* 06_06_even1.c */ = {isa = PBXFileReference; lastKnownFileType = sourcecode.c.c; path = 06_06_even1.c; sourceTree = "<group>"; };
		AB9261F42BFFA60F003A9854 /* 06_07_odd1.c */ = {isa = PBXFileReference; lastKnownFileType = sourcecode.c.c; path = 06_07_odd1.c; sourceTree = "<group>"; };
		AB9261F52BFFA60F003A9854 /* 06_08_even2.c */ = {isa = PBXFileReference; lastKnownFileType = sourcecode.c.c; path = 06_08_even2.c; sourceTree = "<group>"; };
		AB9261F62BFFA60F003A9854 /* 06_09_qq1.c */ = {isa = PBXFileReference; lastKnownFileType = sourcecode.c.c; path = 06_09_qq1.c; sourceTree = "<group>"; };
		AB9261F72BFFA60F003A9854 /* 06_10_qq2.c */ = {isa = PBXFileReference; lastKnownFileType = sourcecode.c.c; path = 06_10_qq2.c; sourceTree = "<group>"; };
		AB9261F82BFFA60F003A9854 /* 06_challenge1_K24015.c */ = {isa = PBXFileReference; lastKnownFileType = sourcecode.c.c; path = 06_challenge1_K24015.c; sourceTree = "<group>"; };
		AB9261F92BFFA60F003A9854 /* 06_issue1_k24015.c */ = {isa = PBXFileReference; lastKnownFileType = sourcecode.c.c; path = 06_issue1_k24015.c; sourceTree = "<group>"; };
		AB9261FB2BFFA60F003A9854 /* 01_01_helloWorld.c */ = {isa = PBXFileReference; lastKnownFileType = sourcecode.c.c; path = 01_01_helloWorld.c; sourceTree = "<group>"; };
		AB9261FC2BFFA60F003A9854 /* 01_issue1_k24015.c */ = {isa = PBXFileReference; lastKnownFileType = sourcecode.c.c; path = 01_issue1_k24015.c; sourceTree = "<group>"; };
		AB9261FE2BFFA60F003A9854 /* 04_01_scan.c */ = {isa = PBXFileReference; lastKnownFileType = sourcecode.c.c; path = 04_01_scan.c; sourceTree = "<group>"; };
		AB9261FF2BFFA60F003A9854 /* 04_02_rectangle.c */ = {isa = PBXFileReference; lastKnownFileType = sourcecode.c.c; path = 04_02_rectangle.c; sourceTree = "<group>"; };
		AB9262002BFFA60F003A9854 /* 04_03_roundoff.c */ = {isa = PBXFileReference; lastKnownFileType = sourcecode.c.c; path = 04_03_roundoff.c; sourceTree = "<group>"; };
		AB9262012BFFA60F003A9854 /* 04_04_convert.c */ = {isa = PBXFileReference; lastKnownFileType = sourcecode.c.c; path = 04_04_convert.c; sourceTree = "<group>"; };
		AB9262022BFFA60F003A9854 /* 04_05_average.c */ = {isa = PBXFileReference; lastKnownFileType = sourcecode.c.c; path = 04_05_average.c; sourceTree = "<group>"; };
		AB9262032BFFA60F003A9854 /* 04_06_if1.c */ = {isa = PBXFileReference; lastKnownFileType = sourcecode.c.c; path = 04_06_if1.c; sourceTree = "<group>"; };
		AB9262042BFFA60F003A9854 /* 04_challenge1_K24015.c */ = {isa = PBXFileReference; lastKnownFileType = sourcecode.c.c; path = 04_challenge1_K24015.c; sourceTree = "<group>"; };
		AB9262052BFFA60F003A9854 /* 04_challenge2_K24015.c */ = {isa = PBXFileReference; lastKnownFileType = sourcecode.c.c; path = 04_challenge2_K24015.c; sourceTree = "<group>"; };
		AB9262062BFFA60F003A9854 /* 04_issue1_K24015.c */ = {isa = PBXFileReference; lastKnownFileType = sourcecode.c.c; path = 04_issue1_K24015.c; sourceTree = "<group>"; };
		AB9262072BFFA60F003A9854 /* 04_issue2_K24015.c */ = {isa = PBXFileReference; lastKnownFileType = sourcecode.c.c; path = 04_issue2_K24015.c; sourceTree = "<group>"; };
/* End PBXFileReference section */

/* Begin PBXGroup section */
		AB53418A2BC7785F004934A5 = {
			isa = PBXGroup;
			children = (
				AB9261FD2BFFA60F003A9854 /* １ */,
				AB9261E52BFFA60F003A9854 /* ２ */,
				AB9261ED2BFFA60F003A9854 /* 3 */,
				AB9262082BFFA60F003A9854 /* 4 */,
				AB9261DD2BFFA60F003A9854 /* 5 */,
				AB9261FA2BFFA60F003A9854 /* 6 */,
				AB64C6CA2BFEBF720045F81D /* 07_01_swap.c */,
				AB64C6CB2BFEC1C40045F81D /* 07_02_swap2.c */,
				AB64C6CC2BFEC2C70045F81D /* 07_03_swap3.c */,
				AB64C6CD2BFEC55D0045F81D /* 07_04_countup.c */,
				AB64C6CE2BFEC65C0045F81D /* 07_05_countdown.c */,
				AB64C6CF2BFEC76C0045F81D /* 07_06_fact.c */,
				AB64C6D02BFECB920045F81D /* 07_07_biggest.c */,
				AB64C6D12BFECD390045F81D /* 07_08_qq3.c */,
				AB64C6D22BFECE4E0045F81D /* 07_09_ways.c */,
			);
			sourceTree = "<group>";
		};
		AB9261DD2BFFA60F003A9854 /* 5 */ = {
			isa = PBXGroup;
			children = (
				AB9261D22BFFA60F003A9854 /* 05_01_if1.c */,
				AB9261D32BFFA60F003A9854 /* 05_02_if2.c */,
				AB9261D42BFFA60F003A9854 /* 05_03_ifelse1.c */,
				AB9261D52BFFA60F003A9854 /* 05_04_ifelse2.c */,
				AB9261D62BFFA60F003A9854 /* 05_05_ifelseif1.c */,
				AB9261D72BFFA60F003A9854 /* 05_06_compare.c */,
				AB9261D82BFFA60F003A9854 /* 05_07_ifand.c */,
				AB9261D92BFFA60F003A9854 /* 05_08_nested.c */,
				AB9261DA2BFFA60F003A9854 /* 05_challenge1_K24015.c */,
				AB9261DB2BFFA60F003A9854 /* 05_issue1_K24015.c */,
				AB9261DC2BFFA60F003A9854 /* 05_issue1_K24015.dSYM */,
			);
			path = 5;
			sourceTree = "<group>";
		};
		AB9261E52BFFA60F003A9854 /* ２ */ = {
			isa = PBXGroup;
			children = (
				AB9261DE2BFFA60F003A9854 /* 02_01_helloWorld.c */,
				AB9261DF2BFFA60F003A9854 /* 02_02_sharp.c */,
				AB9261E02BFFA60F003A9854 /* 02_03_sharpA.c */,
				AB9261E12BFFA60F003A9854 /* 02_04_lineA.c */,
				AB9261E22BFFA60F003A9854 /* 02_05_add.c */,
				AB9261E32BFFA60F003A9854 /* 02_06_sub.c */,
				AB9261E42BFFA60F003A9854 /* 02_issue2_K24015.c */,
			);
			path = "２";
			sourceTree = "<group>";
		};
		AB9261ED2BFFA60F003A9854 /* 3 */ = {
			isa = PBXGroup;
			children = (
				AB9261E62BFFA60F003A9854 /* 03_01add.c */,
				AB9261E72BFFA60F003A9854 /* 03_02_sub.c */,
				AB9261E82BFFA60F003A9854 /* 03_03_calc.c */,
				AB9261E92BFFA60F003A9854 /* 03_04_scan.c */,
				AB9261EA2BFFA60F003A9854 /* 03_05_scan2.c */,
				AB9261EB2BFFA60F003A9854 /* 03_issue1_K24015.c */,
				AB9261EC2BFFA60F003A9854 /* 03_issue2_K24015.c */,
			);
			path = 3;
			sourceTree = "<group>";
		};
		AB9261FA2BFFA60F003A9854 /* 6 */ = {
			isa = PBXGroup;
			children = (
				AB9261EE2BFFA60F003A9854 /* 06_01_if.c */,
				AB9261EF2BFFA60F003A9854 /* 06_02_hello10.c */,
				AB9261F02BFFA60F003A9854 /* 06_03_loopNum.c */,
				AB9261F12BFFA60F003A9854 /* 06_04_calcFor.c */,
				AB9261F22BFFA60F003A9854 /* 06_05_scanLoop.c */,
				AB9261F32BFFA60F003A9854 /* 06_06_even1.c */,
				AB9261F42BFFA60F003A9854 /* 06_07_odd1.c */,
				AB9261F52BFFA60F003A9854 /* 06_08_even2.c */,
				AB9261F62BFFA60F003A9854 /* 06_09_qq1.c */,
				AB9261F72BFFA60F003A9854 /* 06_10_qq2.c */,
				AB9261F82BFFA60F003A9854 /* 06_challenge1_K24015.c */,
				AB9261F92BFFA60F003A9854 /* 06_issue1_k24015.c */,
			);
			path = 6;
			sourceTree = "<group>";
		};
		AB9261FD2BFFA60F003A9854 /* １ */ = {
			isa = PBXGroup;
			children = (
				AB9261FB2BFFA60F003A9854 /* 01_01_helloWorld.c */,
				AB9261FC2BFFA60F003A9854 /* 01_issue1_k24015.c */,
			);
			path = "１";
			sourceTree = "<group>";
		};
		AB9262082BFFA60F003A9854 /* 4 */ = {
			isa = PBXGroup;
			children = (
				AB9261FE2BFFA60F003A9854 /* 04_01_scan.c */,
				AB9261FF2BFFA60F003A9854 /* 04_02_rectangle.c */,
				AB9262002BFFA60F003A9854 /* 04_03_roundoff.c */,
				AB9262012BFFA60F003A9854 /* 04_04_convert.c */,
				AB9262022BFFA60F003A9854 /* 04_05_average.c */,
				AB9262032BFFA60F003A9854 /* 04_06_if1.c */,
				AB9262042BFFA60F003A9854 /* 04_challenge1_K24015.c */,
				AB9262052BFFA60F003A9854 /* 04_challenge2_K24015.c */,
				AB9262062BFFA60F003A9854 /* 04_issue1_K24015.c */,
				AB9262072BFFA60F003A9854 /* 04_issue2_K24015.c */,
			);
			path = 4;
			sourceTree = "<group>";
		};
/* End PBXGroup section */

/* Begin PBXProject section */
		AB53418B2BC7785F004934A5 /* Project object */ = {
			isa = PBXProject;
			attributes = {
				BuildIndependentTargetsInParallel = 1;
				LastUpgradeCheck = 1530;
			};
			buildConfigurationList = AB53418E2BC7785F004934A5 /* Build configuration list for PBXProject "prg1" */;
			compatibilityVersion = "Xcode 14.0";
			developmentRegion = en;
			hasScannedForEncodings = 0;
			knownRegions = (
				en,
				Base,
			);
			mainGroup = AB53418A2BC7785F004934A5;
			projectDirPath = "";
			projectRoot = "";
			targets = (
			);
		};
/* End PBXProject section */

/* Begin XCBuildConfiguration section */
		AB53418F2BC7785F004934A5 /* Debug */ = {
			isa = XCBuildConfiguration;
			buildSettings = {
			};
			name = Debug;
		};
		AB5341902BC7785F004934A5 /* Release */ = {
			isa = XCBuildConfiguration;
			buildSettings = {
			};
			name = Release;
		};
/* End XCBuildConfiguration section */

/* Begin XCConfigurationList section */
		AB53418E2BC7785F004934A5 /* Build configuration list for PBXProject "prg1" */ = {
			isa = XCConfigurationList;
			buildConfigurations = (
				AB53418F2BC7785F004934A5 /* Debug */,
				AB5341902BC7785F004934A5 /* Release */,
			);
			defaultConfigurationIsVisible = 0;
			defaultConfigurationName = Release;
		};
/* End XCConfigurationList section */
	};
	rootObject = AB53418B2BC7785F004934A5 /* Project object */;
}
